
Microsoft Visual Studio Solution File, Format Version 12.00
# Visual Studio Version 17
VisualStudioVersion = 17.2.32602.215
MinimumVisualStudioVersion = 10.0.40219.1
Project("{FAE04EC0-301F-11D3-BF4B-00C04F79EFBC}") = "fundamentalOpsOnCSharp", "fundamentalOpsOnCSharp\fundamentalOpsOnCSharp.csproj", "{6E28E92C-22E7-43D8-9D19-FD922C8D8DA3}"
EndProject
Global
	GlobalSection(SolutionConfigurationPlatforms) = preSolution
		Debug|Any CPU = Debug|Any CPU
		Release|Any CPU = Release|Any CPU
	EndGlobalSection
	GlobalSection(ProjectConfigurationPlatforms) = postSolution
		{6E28E92C-22E7-43D8-9D19-FD922C8D8DA3}.Debug|Any CPU.ActiveCfg = Debug|Any CPU
		{6E28E92C-22E7-43D8-9D19-FD922C8D8DA3}.Debug|Any CPU.Build.0 = Debug|Any CPU
		{6E28E92C-22E7-43D8-9D19-FD922C8D8DA3}.Release|Any CPU.ActiveCfg = Release|Any CPU
		{6E28E92C-22E7-43D8-9D19-FD922C8D8DA3}.Release|Any CPU.Build.0 = Release|Any CPU
	EndGlobalSection
	GlobalSection(SolutionProperties) = preSolution
		HideSolutionNode = FALSE
	EndGlobalSection
	GlobalSection(ExtensibilityGlobals) = postSolution
		SolutionGuid = {276ACDC3-7014-4D49-86E3-384C0AE8A8FE}
	EndGlobalSection
EndGlobal
